PODS:
  - AMTagListView (1.5.0)
  - Bolts (1.8.4):
    - Bolts/AppLinks (= 1.8.4)
    - Bolts/Tasks (= 1.8.4)
  - Bolts/AppLinks (1.8.4):
    - Bolts/Tasks
  - Bolts/Tasks (1.8.4)
  - CircleMenu (2.0.5)
  - DGElasticPullToRefresh (1.1)
  - EasyPeasy (1.4.2)
  - Eureka (3.0.0)
  - FacebookCore (0.2.0):
    - Bolts (~> 1.8)
    - FBSDKCoreKit (~> 4.15)
  - FacebookLogin (0.2.0):
    - Bolts (~> 1.8)
    - FacebookCore (~> 0.2)
    - FBSDKCoreKit (~> 4.15)
    - FBSDKLoginKit (~> 4.15)
  - FBSDKCoreKit (4.24.0):
    - Bolts (~> 1.7)
  - FBSDKLoginKit (4.24.0):
    - FBSDKCoreKit
  - Firebase/Auth (4.0.3):
    - Firebase/Core
    - FirebaseAuth (= 4.0.0)
  - Firebase/Core (4.0.3):
    - FirebaseAnalytics (= 4.0.2)
    - FirebaseCore (= 4.0.3)
  - Firebase/Database (4.0.3):
    - Firebase/Core
    - FirebaseDatabase (= 4.0.0)
  - Firebase/Messaging (4.0.3):
    - Firebase/Core
    - FirebaseMessaging (= 2.0.0)
  - Firebase/Storage (4.0.3):
    - Firebase/Core
    - FirebaseStorage (= 2.0.0)
  - FirebaseAnalytics (4.0.2):
    - FirebaseCore (~> 4.0)
    - FirebaseInstanceID (~> 2.0)
    - GoogleToolboxForMac/NSData+zlib (~> 2.1)
  - FirebaseAuth (4.0.0):
    - FirebaseAnalytics (~> 4.0)
    - GoogleToolboxForMac/NSDictionary+URLArguments (~> 2.1)
    - GTMSessionFetcher/Core (~> 1.1)
  - FirebaseCore (4.0.3):
    - GoogleToolboxForMac/NSData+zlib (~> 2.1)
  - FirebaseDatabase (4.0.0):
    - FirebaseAnalytics (~> 4.0)
  - FirebaseInstanceID (2.0.0):
    - FirebaseCore (~> 4.0)
  - FirebaseMessaging (2.0.0):
    - FirebaseAnalytics (~> 4.0)
    - FirebaseCore (~> 4.0)
    - FirebaseInstanceID (~> 2.0)
    - GoogleToolboxForMac/Logger (~> 2.1)
    - Protobuf (~> 3.1)
  - FirebaseStorage (2.0.0):
    - FirebaseAnalytics (~> 4.0)
    - FirebaseCore (~> 4.0)
    - GTMSessionFetcher/Core (~> 1.1)
  - GoogleToolboxForMac/DebugUtils (2.1.1):
    - GoogleToolboxForMac/Defines (= 2.1.1)
  - GoogleToolboxForMac/Defines (2.1.1)
  - GoogleToolboxForMac/Logger (2.1.1):
    - GoogleToolboxForMac/Defines (= 2.1.1)
  - GoogleToolboxForMac/NSData+zlib (2.1.1):
    - GoogleToolboxForMac/Defines (= 2.1.1)
  - GoogleToolboxForMac/NSDictionary+URLArguments (2.1.1):
    - GoogleToolboxForMac/DebugUtils (= 2.1.1)
    - GoogleToolboxForMac/Defines (= 2.1.1)
    - GoogleToolboxForMac/NSString+URLArguments (= 2.1.1)
  - GoogleToolboxForMac/NSString+URLArguments (2.1.1)
  - GTMSessionFetcher/Core (1.1.10)
  - JSQMessagesViewController (7.3.4):
    - JSQSystemSoundPlayer (~> 2.0.1)
  - JSQSystemSoundPlayer (2.0.1)
  - Material (2.6.3):
    - Material/Core (= 2.6.3)
  - Material/Core (2.6.3)
  - Neon (0.4.0)
  - Protobuf (3.4.0)
  - TwicketSegmentedControl (0.1.2)
  - XLActionController (3.0.1):
    - XLActionController/Core (= 3.0.1)
  - XLActionController/Core (3.0.1)
  - XLActionController/Periscope (3.0.1):
    - XLActionController/Core

DEPENDENCIES:
  - AMTagListView
  - CircleMenu (~> 2.0.1)
  - DGElasticPullToRefresh
  - EasyPeasy
  - Eureka
  - FacebookCore
  - FacebookLogin
  - Firebase/Auth
  - Firebase/Database
  - Firebase/Messaging
  - Firebase/Storage
  - JSQMessagesViewController
  - Material (~> 2.0)
  - Neon
  - TwicketSegmentedControl
  - XLActionController
  - XLActionController/Periscope

SPEC CHECKSUMS:
  AMTagListView: 08ab67466c67152f6299bc29a13a907783b0046f
  Bolts: 8a7995239dbe724f9cba2248b766d48b7ebdd322
  CircleMenu: 7cef16b4401de5b545e5f06d720cb202ec64800d
  DGElasticPullToRefresh: 28f11a6026302a90f8ffebbc6e24748e584dddd3
  EasyPeasy: 50e7130b61f495ce105796e438d4136e2c8d2cc0
  Eureka: f36fd440c3ebb7bfea0a4fbe6f16a05f1cb35906
  FacebookCore: 2cb3f0fbff218e9d3119cec84bae983b232412de
  FacebookLogin: c9d606504735780a9e3002465a615512e0a691a5
  FBSDKCoreKit: f8c9eb0dd34a9cd277c7b60da4b32226d142502d
  FBSDKLoginKit: 1214c6d5a1c4995b694d8db8a9ba6910c6028acf
  Firebase: 9e33fdfbca37cab635c693883caa90a4475b842b
  FirebaseAnalytics: ad41720e3e67fc63fbe3d2948d3e26932a8de311
  FirebaseAuth: ebb6abcbabae00fc47446d690c19ce68d8484fde
  FirebaseCore: c709067051de07bdaffdc4e735cd7299a23c463a
  FirebaseDatabase: d829b3a8c3e2ac7a16773c5df226966b0805dfc2
  FirebaseInstanceID: 9fbf536668f4d3f0880e7438456dabd1376e294b
  FirebaseMessaging: 227406c05b0dc9290702d2e9f18ab5528f0c2cf2
  FirebaseStorage: 8110a1ed2034c8fbfd83890d2acc9cdbbd99afec
  GoogleToolboxForMac: 8e329f1b599f2512c6b10676d45736bcc2cbbeb0
  GTMSessionFetcher: 30d874b96d0d76028f61fbd122801e3f030d47db
  JSQMessagesViewController: 39fed975e3c9f8eba7292071e29eeb541d105e66
  JSQSystemSoundPlayer: c5850e77a4363ffd374cd851154b9af93264ed8d
  Material: af607a7ec0e9978ef85cf189a3d8ceeeb650400f
  Neon: 7fb5a9327e7e57911843f608e08f4893a74deaf9
  Protobuf: 03eef2ee0b674770735cf79d9c4d3659cf6908e8
  TwicketSegmentedControl: 6d7a4cf243657e0ac3f00d06d873a25334c04042
  XLActionController: 57fe0ce1642e2eed971b188b490762345fdbf963

PODFILE CHECKSUM: 84f6c41a0d7b16b4266196ad9cc26245d61b9832

COCOAPODS: 1.2.1
